{
  "version": 4,
  "terraform_version": "1.4.5",
  "serial": 18,
  "lineage": "8f290f47-c636-841e-ce5f-06ec2f8b4f52",
  "outputs": {},
  "resources": [
    {
      "mode": "managed",
      "type": "azurerm_resource_group",
      "name": "resource_group",
      "provider": "provider[\"registry.terraform.io/hashicorp/azurerm\"]",
      "instances": [
        {
          "schema_version": 0,
          "attributes": {
            "id": "/subscriptions/5c9219c7-1231-47d3-999f-d8fcfdfa1e86/resourceGroups/prod-rg",
            "location": "westeurope",
            "name": "prod-rg",
            "tags": {
              "environment": "prod"
            },
            "timeouts": null
          },
          "sensitive_attributes": [],
          "private": "eyJlMmJmYjczMC1lY2FhLTExZTYtOGY4OC0zNDM2M2JjN2M0YzAiOnsiY3JlYXRlIjo1NDAwMDAwMDAwMDAwLCJkZWxldGUiOjU0MDAwMDAwMDAwMDAsInJlYWQiOjMwMDAwMDAwMDAwMCwidXBkYXRlIjo1NDAwMDAwMDAwMDAwfX0="
        }
      ]
    },
    {
      "module": "module.auth",
      "mode": "managed",
      "type": "azurerm_ssh_public_key",
      "name": "ssh-key",
      "provider": "provider[\"registry.terraform.io/hashicorp/azurerm\"]",
      "instances": [
        {
          "schema_version": 0,
          "attributes": {
            "id": "/subscriptions/5c9219c7-1231-47d3-999f-d8fcfdfa1e86/resourceGroups/prod-rg/providers/Microsoft.Compute/sshPublicKeys/prod-ssh-key",
            "location": "westeurope",
            "name": "prod-ssh-key",
            "public_key": "ssh-rsa AAAAB3NzaC1yc2EAAAADAQABAAABgQC+EIItQU6MtiNMZR1TDQPUeQ1sHH1uNrMfHQHmzSaYer+85Bm0N3e7C9IbFGKd8vhUkTJKKsCbIwmtBWqwd+KpT9wICwxMshKpwqBdOT+GXQmHfPD7e+AfJnrwn1enMzj30DVPc6xMSZwanWspnAUYKarNOtmbRVi/WTsW3m9nywZop1yV6SJQiQLR2Hlt0of+Zw8Kni9jUjL9Lv7QAqQxkGGmDIrAab3s/NN+/kN5mtKL9yPaO5JuwMoZf6U65KzqMRut0+L9JRJZLUdd3obPQHarwzmROK39yjICCBYSlaQKkDHU/zmLhoO8Fme5mRb8rnc7+THyE/W+HyACs9bEjTBn3Lc1p+XBokTHkArXiMeAGjpxF3HU6a0nn107cwvCnW0FHXGBBNgdX6w2B26tUQneyW8z8mqetZaMWHx0bhg52Gr6dTiIxuuTwk1VBl6pwuSpjVSyAqcdJMOhBM67+oLKNpiXsc/3rsX/jKAElodtobXd1lKj3oJEGheSrp0= charlieb@charlieb01-mac\n",
            "resource_group_name": "prod-rg",
            "tags": {},
            "timeouts": null
          },
          "sensitive_attributes": [],
          "private": "eyJlMmJmYjczMC1lY2FhLTExZTYtOGY4OC0zNDM2M2JjN2M0YzAiOnsiY3JlYXRlIjoyNzAwMDAwMDAwMDAwLCJkZWxldGUiOjI3MDAwMDAwMDAwMDAsInJlYWQiOjMwMDAwMDAwMDAwMCwidXBkYXRlIjoyNzAwMDAwMDAwMDAwfX0=",
          "dependencies": [
            "azurerm_resource_group.resource_group"
          ]
        }
      ]
    },
    {
      "module": "module.compute",
      "mode": "managed",
      "type": "azurerm_virtual_machine",
      "name": "vm",
      "provider": "provider[\"registry.terraform.io/hashicorp/azurerm\"]",
      "instances": [
        {
          "schema_version": 0,
          "attributes": {
            "additional_capabilities": [],
            "availability_set_id": null,
            "boot_diagnostics": [],
            "delete_data_disks_on_termination": false,
            "delete_os_disk_on_termination": false,
            "id": "/subscriptions/5c9219c7-1231-47d3-999f-d8fcfdfa1e86/resourceGroups/prod-rg/providers/Microsoft.Compute/virtualMachines/prod-vm",
            "identity": [],
            "license_type": null,
            "location": "westeurope",
            "name": "prod-vm",
            "network_interface_ids": [
              "/subscriptions/5c9219c7-1231-47d3-999f-d8fcfdfa1e86/resourceGroups/prod-rg/providers/Microsoft.Network/networkInterfaces/prod-vnic"
            ],
            "os_profile": [
              {
                "admin_password": "",
                "admin_username": "azureuser",
                "computer_name": "prod-vm",
                "custom_data": ""
              }
            ],
            "os_profile_linux_config": [
              {
                "disable_password_authentication": true,
                "ssh_keys": [
                  {
                    "key_data": "ssh-rsa AAAAB3NzaC1yc2EAAAADAQABAAABgQC+EIItQU6MtiNMZR1TDQPUeQ1sHH1uNrMfHQHmzSaYer+85Bm0N3e7C9IbFGKd8vhUkTJKKsCbIwmtBWqwd+KpT9wICwxMshKpwqBdOT+GXQmHfPD7e+AfJnrwn1enMzj30DVPc6xMSZwanWspnAUYKarNOtmbRVi/WTsW3m9nywZop1yV6SJQiQLR2Hlt0of+Zw8Kni9jUjL9Lv7QAqQxkGGmDIrAab3s/NN+/kN5mtKL9yPaO5JuwMoZf6U65KzqMRut0+L9JRJZLUdd3obPQHarwzmROK39yjICCBYSlaQKkDHU/zmLhoO8Fme5mRb8rnc7+THyE/W+HyACs9bEjTBn3Lc1p+XBokTHkArXiMeAGjpxF3HU6a0nn107cwvCnW0FHXGBBNgdX6w2B26tUQneyW8z8mqetZaMWHx0bhg52Gr6dTiIxuuTwk1VBl6pwuSpjVSyAqcdJMOhBM67+oLKNpiXsc/3rsX/jKAElodtobXd1lKj3oJEGheSrp0= charlieb@charlieb01-mac\n",
                    "path": "/home/azureuser/.ssh/authorized_keys"
                  }
                ]
              }
            ],
            "os_profile_secrets": [],
            "os_profile_windows_config": [],
            "plan": [],
            "primary_network_interface_id": null,
            "proximity_placement_group_id": null,
            "resource_group_name": "prod-rg",
            "storage_data_disk": [],
            "storage_image_reference": [
              {
                "id": "",
                "offer": "UbuntuServer",
                "publisher": "Canonical",
                "sku": "16.04-LTS",
                "version": "latest"
              }
            ],
            "storage_os_disk": [
              {
                "caching": "ReadWrite",
                "create_option": "FromImage",
                "disk_size_gb": 30,
                "image_uri": "",
                "managed_disk_id": "/subscriptions/5c9219c7-1231-47d3-999f-d8fcfdfa1e86/resourceGroups/prod-rg/providers/Microsoft.Compute/disks/prod-osdisk1",
                "managed_disk_type": "Standard_LRS",
                "name": "prod-osdisk1",
                "os_type": "Linux",
                "vhd_uri": "",
                "write_accelerator_enabled": false
              }
            ],
            "tags": null,
            "timeouts": null,
            "vm_size": "Standard_DS1_v2",
            "zones": null
          },
          "sensitive_attributes": [],
          "private": "eyJlMmJmYjczMC1lY2FhLTExZTYtOGY4OC0zNDM2M2JjN2M0YzAiOnsiY3JlYXRlIjozNjAwMDAwMDAwMDAwLCJkZWxldGUiOjM2MDAwMDAwMDAwMDAsInJlYWQiOjMwMDAwMDAwMDAwMCwidXBkYXRlIjozNjAwMDAwMDAwMDAwfX0=",
          "dependencies": [
            "azurerm_resource_group.resource_group",
            "module.auth.azurerm_ssh_public_key.ssh-key",
            "module.networking.azurerm_network_interface.vnic"
          ]
        }
      ]
    },
    {
      "module": "module.networking",
      "mode": "managed",
      "type": "azurerm_network_interface",
      "name": "vnic",
      "provider": "provider[\"registry.terraform.io/hashicorp/azurerm\"]",
      "instances": [
        {
          "schema_version": 0,
          "attributes": {
            "applied_dns_servers": [],
            "dns_servers": [],
            "edge_zone": "",
            "enable_accelerated_networking": false,
            "enable_ip_forwarding": false,
            "id": "/subscriptions/5c9219c7-1231-47d3-999f-d8fcfdfa1e86/resourceGroups/prod-rg/providers/Microsoft.Network/networkInterfaces/prod-vnic",
            "internal_dns_name_label": "",
            "internal_domain_name_suffix": "uzz45wxaqgpefjd4heoic03sog.ax.internal.cloudapp.net",
            "ip_configuration": [
              {
                "gateway_load_balancer_frontend_ip_configuration_id": "",
                "name": "dynamicIP",
                "primary": true,
                "private_ip_address": "10.0.1.4",
                "private_ip_address_allocation": "Dynamic",
                "private_ip_address_version": "IPv4",
                "public_ip_address_id": "",
                "subnet_id": "/subscriptions/5c9219c7-1231-47d3-999f-d8fcfdfa1e86/resourceGroups/prod-rg/providers/Microsoft.Network/virtualNetworks/prod-gw/subnets/prod-snet"
              }
            ],
            "location": "westeurope",
            "mac_address": "",
            "name": "prod-vnic",
            "private_ip_address": "10.0.1.4",
            "private_ip_addresses": [
              "10.0.1.4"
            ],
            "resource_group_name": "prod-rg",
            "tags": {},
            "timeouts": null,
            "virtual_machine_id": ""
          },
          "sensitive_attributes": [],
          "private": "eyJlMmJmYjczMC1lY2FhLTExZTYtOGY4OC0zNDM2M2JjN2M0YzAiOnsiY3JlYXRlIjoxODAwMDAwMDAwMDAwLCJkZWxldGUiOjE4MDAwMDAwMDAwMDAsInJlYWQiOjMwMDAwMDAwMDAwMCwidXBkYXRlIjoxODAwMDAwMDAwMDAwfX0=",
          "dependencies": [
            "azurerm_resource_group.resource_group",
            "module.networking.azurerm_subnet.subnet",
            "module.networking.azurerm_virtual_network.network_gateway"
          ]
        }
      ]
    },
    {
      "module": "module.networking",
      "mode": "managed",
      "type": "azurerm_network_security_group",
      "name": "nsg",
      "provider": "provider[\"registry.terraform.io/hashicorp/azurerm\"]",
      "instances": [
        {
          "schema_version": 0,
          "attributes": {
            "id": "/subscriptions/5c9219c7-1231-47d3-999f-d8fcfdfa1e86/resourceGroups/prod-rg/providers/Microsoft.Network/networkSecurityGroups/prod-nsg",
            "location": "westeurope",
            "name": "prod-nsg",
            "resource_group_name": "prod-rg",
            "security_rule": [],
            "tags": {},
            "timeouts": null
          },
          "sensitive_attributes": [],
          "private": "eyJlMmJmYjczMC1lY2FhLTExZTYtOGY4OC0zNDM2M2JjN2M0YzAiOnsiY3JlYXRlIjoxODAwMDAwMDAwMDAwLCJkZWxldGUiOjE4MDAwMDAwMDAwMDAsInJlYWQiOjMwMDAwMDAwMDAwMCwidXBkYXRlIjoxODAwMDAwMDAwMDAwfX0=",
          "dependencies": [
            "azurerm_resource_group.resource_group"
          ]
        }
      ]
    },
    {
      "module": "module.networking",
      "mode": "managed",
      "type": "azurerm_subnet",
      "name": "subnet",
      "provider": "provider[\"registry.terraform.io/hashicorp/azurerm\"]",
      "instances": [
        {
          "schema_version": 0,
          "attributes": {
            "address_prefixes": [
              "10.0.1.0/24"
            ],
            "delegation": [],
            "enforce_private_link_endpoint_network_policies": false,
            "enforce_private_link_service_network_policies": false,
            "id": "/subscriptions/5c9219c7-1231-47d3-999f-d8fcfdfa1e86/resourceGroups/prod-rg/providers/Microsoft.Network/virtualNetworks/prod-gw/subnets/prod-snet",
            "name": "prod-snet",
            "private_endpoint_network_policies_enabled": true,
            "private_link_service_network_policies_enabled": true,
            "resource_group_name": "prod-rg",
            "service_endpoint_policy_ids": [],
            "service_endpoints": [],
            "timeouts": null,
            "virtual_network_name": "prod-gw"
          },
          "sensitive_attributes": [],
          "private": "eyJlMmJmYjczMC1lY2FhLTExZTYtOGY4OC0zNDM2M2JjN2M0YzAiOnsiY3JlYXRlIjoxODAwMDAwMDAwMDAwLCJkZWxldGUiOjE4MDAwMDAwMDAwMDAsInJlYWQiOjMwMDAwMDAwMDAwMCwidXBkYXRlIjoxODAwMDAwMDAwMDAwfX0=",
          "dependencies": [
            "azurerm_resource_group.resource_group",
            "module.networking.azurerm_virtual_network.network_gateway"
          ]
        }
      ]
    },
    {
      "module": "module.networking",
      "mode": "managed",
      "type": "azurerm_subnet_network_security_group_association",
      "name": "nsg_association",
      "provider": "provider[\"registry.terraform.io/hashicorp/azurerm\"]",
      "instances": [
        {
          "schema_version": 0,
          "attributes": {
            "id": "/subscriptions/5c9219c7-1231-47d3-999f-d8fcfdfa1e86/resourceGroups/prod-rg/providers/Microsoft.Network/virtualNetworks/prod-gw/subnets/prod-snet",
            "network_security_group_id": "/subscriptions/5c9219c7-1231-47d3-999f-d8fcfdfa1e86/resourceGroups/prod-rg/providers/Microsoft.Network/networkSecurityGroups/prod-nsg",
            "subnet_id": "/subscriptions/5c9219c7-1231-47d3-999f-d8fcfdfa1e86/resourceGroups/prod-rg/providers/Microsoft.Network/virtualNetworks/prod-gw/subnets/prod-snet",
            "timeouts": null
          },
          "sensitive_attributes": [],
          "private": "eyJlMmJmYjczMC1lY2FhLTExZTYtOGY4OC0zNDM2M2JjN2M0YzAiOnsiY3JlYXRlIjoxODAwMDAwMDAwMDAwLCJkZWxldGUiOjE4MDAwMDAwMDAwMDAsInJlYWQiOjMwMDAwMDAwMDAwMCwidXBkYXRlIjoxODAwMDAwMDAwMDAwfX0=",
          "dependencies": [
            "azurerm_resource_group.resource_group",
            "module.networking.azurerm_network_security_group.nsg",
            "module.networking.azurerm_subnet.subnet",
            "module.networking.azurerm_virtual_network.network_gateway"
          ]
        }
      ]
    },
    {
      "module": "module.networking",
      "mode": "managed",
      "type": "azurerm_virtual_network",
      "name": "network_gateway",
      "provider": "provider[\"registry.terraform.io/hashicorp/azurerm\"]",
      "instances": [
        {
          "schema_version": 0,
          "attributes": {
            "address_space": [
              "10.0.0.0/16"
            ],
            "bgp_community": "",
            "ddos_protection_plan": [],
            "dns_servers": [],
            "edge_zone": "",
            "flow_timeout_in_minutes": 0,
            "guid": "daef73a6-81e0-429e-a47e-391c816bb276",
            "id": "/subscriptions/5c9219c7-1231-47d3-999f-d8fcfdfa1e86/resourceGroups/prod-rg/providers/Microsoft.Network/virtualNetworks/prod-gw",
            "location": "westeurope",
            "name": "prod-gw",
            "resource_group_name": "prod-rg",
            "subnet": [
              {
                "address_prefix": "10.0.1.0/24",
                "id": "/subscriptions/5c9219c7-1231-47d3-999f-d8fcfdfa1e86/resourceGroups/prod-rg/providers/Microsoft.Network/virtualNetworks/prod-gw/subnets/prod-snet",
                "name": "prod-snet",
                "security_group": "/subscriptions/5c9219c7-1231-47d3-999f-d8fcfdfa1e86/resourceGroups/prod-rg/providers/Microsoft.Network/networkSecurityGroups/prod-nsg"
              }
            ],
            "tags": {
              "environment": "prod"
            },
            "timeouts": null
          },
          "sensitive_attributes": [],
          "private": "eyJlMmJmYjczMC1lY2FhLTExZTYtOGY4OC0zNDM2M2JjN2M0YzAiOnsiY3JlYXRlIjoxODAwMDAwMDAwMDAwLCJkZWxldGUiOjE4MDAwMDAwMDAwMDAsInJlYWQiOjMwMDAwMDAwMDAwMCwidXBkYXRlIjoxODAwMDAwMDAwMDAwfX0=",
          "dependencies": [
            "azurerm_resource_group.resource_group"
          ]
        }
      ]
    }
  ],
  "check_results": null
}
